
Microsoft Visual Studio Solution File, Format Version 12.00
# Visual Studio Version 16
VisualStudioVersion = 16.0.31729.503
MinimumVisualStudioVersion = 10.0.40219.1
Project("{FAE04EC0-301F-11D3-BF4B-00C04F79EFBC}") = "BlogSitesi", "BlogSitesi\BlogSitesi.csproj", "{5001C02C-F1B4-4A74-91F9-87D665BBD16A}"
EndProject
Global
	GlobalSection(SolutionConfigurationPlatforms) = preSolution
		Debug|Any CPU = Debug|Any CPU
		Release|Any CPU = Release|Any CPU
	EndGlobalSection
	GlobalSection(ProjectConfigurationPlatforms) = postSolution
		{5001C02C-F1B4-4A74-91F9-87D665BBD16A}.Debug|Any CPU.ActiveCfg = Debug|Any CPU
		{5001C02C-F1B4-4A74-91F9-87D665BBD16A}.Debug|Any CPU.Build.0 = Debug|Any CPU
		{5001C02C-F1B4-4A74-91F9-87D665BBD16A}.Release|Any CPU.ActiveCfg = Release|Any CPU
		{5001C02C-F1B4-4A74-91F9-87D665BBD16A}.Release|Any CPU.Build.0 = Release|Any CPU
	EndGlobalSection
	GlobalSection(SolutionProperties) = preSolution
		HideSolutionNode = FALSE
	EndGlobalSection
	GlobalSection(ExtensibilityGlobals) = postSolution
		SolutionGuid = {8CE03447-C9FC-4E45-9296-58A7066E201E}
	EndGlobalSection
EndGlobal
